// !$*UTF8*$!
{
	archiveVersion = 1;
	classes = {
	};
	objectVersion = 45;
	objects = {

/* Begin PBXBuildFile section */
		1D3623260D0F684500981E51 /* RitopAppAppDelegate.m in Sources */ = {isa = PBXBuildFile; fileRef = 1D3623250D0F684500981E51 /* RitopAppAppDelegate.m */; };
		1D60589B0D05DD56006BFB54 /* main.m in Sources */ = {isa = PBXBuildFile; fileRef = 29B97316FDCFA39411CA2CEA /* main.m */; };
		1D60589F0D05DD5A006BFB54 /* Foundation.framework in Frameworks */ = {isa = PBXBuildFile; fileRef = 1D30AB110D05D00D00671497 /* Foundation.framework */; };
		1DF5F4E00D08C38300B7A737 /* UIKit.framework in Frameworks */ = {isa = PBXBuildFile; fileRef = 1DF5F4DF0D08C38300B7A737 /* UIKit.framework */; };
		1E5F451911DF8461000B750B /* MainSplitViewController.m in Sources */ = {isa = PBXBuildFile; fileRef = 1E5F451811DF8461000B750B /* MainSplitViewController.m */; };
		1E5F458511DF8D8B000B750B /* SettingsModalViewController.m in Sources */ = {isa = PBXBuildFile; fileRef = 1E5F458411DF8D8B000B750B /* SettingsModalViewController.m */; };
		1E69C2FC11DDA4B0000F2A77 /* SplashScreenViewController.m in Sources */ = {isa = PBXBuildFile; fileRef = 1E69C2FB11DDA4B0000F2A77 /* SplashScreenViewController.m */; };
		1E6C373311DF553F00096C39 /* MainDetailViewController.m in Sources */ = {isa = PBXBuildFile; fileRef = 1E6C373211DF553F00096C39 /* MainDetailViewController.m */; };
		1E6C374211DF579700096C39 /* MainRootViewController.m in Sources */ = {isa = PBXBuildFile; fileRef = 1E6C374111DF579700096C39 /* MainRootViewController.m */; };
		1E7A0CE411E08C7A006C77B1 /* imageA.png in Resources */ = {isa = PBXBuildFile; fileRef = 1E7A0CDC11E08C7A006C77B1 /* imageA.png */; };
		1E7A0CE511E08C7A006C77B1 /* imageB.png in Resources */ = {isa = PBXBuildFile; fileRef = 1E7A0CDD11E08C7A006C77B1 /* imageB.png */; };
		1E7A0CE611E08C7A006C77B1 /* imageC.png in Resources */ = {isa = PBXBuildFile; fileRef = 1E7A0CDE11E08C7A006C77B1 /* imageC.png */; };
		1E7A0CE711E08C7A006C77B1 /* indicator.png in Resources */ = {isa = PBXBuildFile; fileRef = 1E7A0CDF11E08C7A006C77B1 /* indicator.png */; };
		1E7A0CE811E08C7A006C77B1 /* pattern01.gif in Resources */ = {isa = PBXBuildFile; fileRef = 1E7A0CE011E08C7A006C77B1 /* pattern01.gif */; };
		1E7A0CE911E08C7A006C77B1 /* pattern02.png in Resources */ = {isa = PBXBuildFile; fileRef = 1E7A0CE111E08C7A006C77B1 /* pattern02.png */; };
		1E7A0CEA11E08C7A006C77B1 /* selectedRow.png in Resources */ = {isa = PBXBuildFile; fileRef = 1E7A0CE211E08C7A006C77B1 /* selectedRow.png */; };
		1E7A0CEB11E08C7A006C77B1 /* unselectedRow.png in Resources */ = {isa = PBXBuildFile; fileRef = 1E7A0CE311E08C7A006C77B1 /* unselectedRow.png */; };
		1E8B194611E51C520096101A /* InstallationDetailViewController.m in Sources */ = {isa = PBXBuildFile; fileRef = 1E8B194511E51C520096101A /* InstallationDetailViewController.m */; };
		1E8B197111E51F170096101A /* greenBullet.png in Resources */ = {isa = PBXBuildFile; fileRef = 1E8B196F11E51F170096101A /* greenBullet.png */; };
		1E8B197211E51F170096101A /* redBullet.png in Resources */ = {isa = PBXBuildFile; fileRef = 1E8B197011E51F170096101A /* redBullet.png */; };
		1E8B199B11E522BC0096101A /* settingsIcon.png in Resources */ = {isa = PBXBuildFile; fileRef = 1E8B199A11E522BC0096101A /* settingsIcon.png */; };
		1E8CBBF211E11DCC000F62BC /* DatapointViewController.m in Sources */ = {isa = PBXBuildFile; fileRef = 1E8CBBF111E11DCC000F62BC /* DatapointViewController.m */; };
		1E8CBBF411E11E99000F62BC /* datapoint.png in Resources */ = {isa = PBXBuildFile; fileRef = 1E8CBBF311E11E99000F62BC /* datapoint.png */; };
		1E8CBE6011E26AF0000F62BC /* untitled.m in Sources */ = {isa = PBXBuildFile; fileRef = 1E8CBE5F11E26AF0000F62BC /* untitled.m */; };
		288765A50DF7441C002DB57D /* CoreGraphics.framework in Frameworks */ = {isa = PBXBuildFile; fileRef = 288765A40DF7441C002DB57D /* CoreGraphics.framework */; };
/* End PBXBuildFile section */

/* Begin PBXFileReference section */
		1D30AB110D05D00D00671497 /* Foundation.framework */ = {isa = PBXFileReference; lastKnownFileType = wrapper.framework; name = Foundation.framework; path = System/Library/Frameworks/Foundation.framework; sourceTree = SDKROOT; };
		1D3623240D0F684500981E51 /* RitopAppAppDelegate.h */ = {isa = PBXFileReference; fileEncoding = 4; lastKnownFileType = sourcecode.c.h; path = RitopAppAppDelegate.h; sourceTree = "<group>"; };
		1D3623250D0F684500981E51 /* RitopAppAppDelegate.m */ = {isa = PBXFileReference; fileEncoding = 4; lastKnownFileType = sourcecode.c.objc; path = RitopAppAppDelegate.m; sourceTree = "<group>"; };
		1D6058910D05DD3D006BFB54 /* RitopApp.app */ = {isa = PBXFileReference; explicitFileType = wrapper.application; includeInIndex = 0; path = RitopApp.app; sourceTree = BUILT_PRODUCTS_DIR; };
		1DF5F4DF0D08C38300B7A737 /* UIKit.framework */ = {isa = PBXFileReference; lastKnownFileType = wrapper.framework; name = UIKit.framework; path = System/Library/Frameworks/UIKit.framework; sourceTree = SDKROOT; };
		1E5F451711DF8461000B750B /* MainSplitViewController.h */ = {isa = PBXFileReference; fileEncoding = 4; lastKnownFileType = sourcecode.c.h; path = MainSplitViewController.h; sourceTree = "<group>"; };
		1E5F451811DF8461000B750B /* MainSplitViewController.m */ = {isa = PBXFileReference; fileEncoding = 4; lastKnownFileType = sourcecode.c.objc; path = MainSplitViewController.m; sourceTree = "<group>"; };
		1E5F458311DF8D8B000B750B /* SettingsModalViewController.h */ = {isa = PBXFileReference; fileEncoding = 4; lastKnownFileType = sourcecode.c.h; path = SettingsModalViewController.h; sourceTree = "<group>"; };
		1E5F458411DF8D8B000B750B /* SettingsModalViewController.m */ = {isa = PBXFileReference; fileEncoding = 4; lastKnownFileType = sourcecode.c.objc; path = SettingsModalViewController.m; sourceTree = "<group>"; };
		1E69C2FA11DDA4B0000F2A77 /* SplashScreenViewController.h */ = {isa = PBXFileReference; fileEncoding = 4; lastKnownFileType = sourcecode.c.h; path = SplashScreenViewController.h; sourceTree = "<group>"; };
		1E69C2FB11DDA4B0000F2A77 /* SplashScreenViewController.m */ = {isa = PBXFileReference; fileEncoding = 4; lastKnownFileType = sourcecode.c.objc; path = SplashScreenViewController.m; sourceTree = "<group>"; };
		1E6C373111DF553F00096C39 /* MainDetailViewController.h */ = {isa = PBXFileReference; fileEncoding = 4; lastKnownFileType = sourcecode.c.h; path = MainDetailViewController.h; sourceTree = "<group>"; };
		1E6C373211DF553F00096C39 /* MainDetailViewController.m */ = {isa = PBXFileReference; fileEncoding = 4; lastKnownFileType = sourcecode.c.objc; path = MainDetailViewController.m; sourceTree = "<group>"; };
		1E6C374011DF579700096C39 /* MainRootViewController.h */ = {isa = PBXFileReference; fileEncoding = 4; lastKnownFileType = sourcecode.c.h; path = MainRootViewController.h; sourceTree = "<group>"; };
		1E6C374111DF579700096C39 /* MainRootViewController.m */ = {isa = PBXFileReference; fileEncoding = 4; lastKnownFileType = sourcecode.c.objc; path = MainRootViewController.m; sourceTree = "<group>"; };
		1E7A0CC011E08A5F006C77B1 /* Entitlements.plist */ = {isa = PBXFileReference; fileEncoding = 4; lastKnownFileType = text.plist.xml; path = Entitlements.plist; sourceTree = "<group>"; };
		1E7A0CDC11E08C7A006C77B1 /* imageA.png */ = {isa = PBXFileReference; lastKnownFileType = image.png; path = imageA.png; sourceTree = "<group>"; };
		1E7A0CDD11E08C7A006C77B1 /* imageB.png */ = {isa = PBXFileReference; lastKnownFileType = image.png; path = imageB.png; sourceTree = "<group>"; };
		1E7A0CDE11E08C7A006C77B1 /* imageC.png */ = {isa = PBXFileReference; lastKnownFileType = image.png; path = imageC.png; sourceTree = "<group>"; };
		1E7A0CDF11E08C7A006C77B1 /* indicator.png */ = {isa = PBXFileReference; lastKnownFileType = image.png; path = indicator.png; sourceTree = "<group>"; };
		1E7A0CE011E08C7A006C77B1 /* pattern01.gif */ = {isa = PBXFileReference; lastKnownFileType = image.gif; path = pattern01.gif; sourceTree = "<group>"; };
		1E7A0CE111E08C7A006C77B1 /* pattern02.png */ = {isa = PBXFileReference; lastKnownFileType = image.png; path = pattern02.png; sourceTree = "<group>"; };
		1E7A0CE211E08C7A006C77B1 /* selectedRow.png */ = {isa = PBXFileReference; lastKnownFileType = image.png; path = selectedRow.png; sourceTree = "<group>"; };
		1E7A0CE311E08C7A006C77B1 /* unselectedRow.png */ = {isa = PBXFileReference; lastKnownFileType = image.png; path = unselectedRow.png; sourceTree = "<group>"; };
		1E8B194411E51C520096101A /* InstallationDetailViewController.h */ = {isa = PBXFileReference; fileEncoding = 4; lastKnownFileType = sourcecode.c.h; path = InstallationDetailViewController.h; sourceTree = "<group>"; };
		1E8B194511E51C520096101A /* InstallationDetailViewController.m */ = {isa = PBXFileReference; fileEncoding = 4; lastKnownFileType = sourcecode.c.objc; path = InstallationDetailViewController.m; sourceTree = "<group>"; };
		1E8B196F11E51F170096101A /* greenBullet.png */ = {isa = PBXFileReference; lastKnownFileType = image.png; path = greenBullet.png; sourceTree = "<group>"; };
		1E8B197011E51F170096101A /* redBullet.png */ = {isa = PBXFileReference; lastKnownFileType = image.png; path = redBullet.png; sourceTree = "<group>"; };
		1E8B199A11E522BC0096101A /* settingsIcon.png */ = {isa = PBXFileReference; lastKnownFileType = image.png; path = settingsIcon.png; sourceTree = "<group>"; };
		1E8CBBF011E11DCC000F62BC /* DatapointViewController.h */ = {isa = PBXFileReference; fileEncoding = 4; lastKnownFileType = sourcecode.c.h; path = DatapointViewController.h; sourceTree = "<group>"; };
		1E8CBBF111E11DCC000F62BC /* DatapointViewController.m */ = {isa = PBXFileReference; fileEncoding = 4; lastKnownFileType = sourcecode.c.objc; path = DatapointViewController.m; sourceTree = "<group>"; };
		1E8CBBF311E11E99000F62BC /* datapoint.png */ = {isa = PBXFileReference; lastKnownFileType = image.png; path = datapoint.png; sourceTree = "<group>"; };
		1E8CBE5E11E26AF0000F62BC /* untitled.h */ = {isa = PBXFileReference; fileEncoding = 4; lastKnownFileType = sourcecode.c.h; path = untitled.h; sourceTree = "<group>"; };
		1E8CBE5F11E26AF0000F62BC /* untitled.m */ = {isa = PBXFileReference; fileEncoding = 4; lastKnownFileType = sourcecode.c.objc; path = untitled.m; sourceTree = "<group>"; };
		288765A40DF7441C002DB57D /* CoreGraphics.framework */ = {isa = PBXFileReference; lastKnownFileType = wrapper.framework; name = CoreGraphics.framework; path = System/Library/Frameworks/CoreGraphics.framework; sourceTree = SDKROOT; };
		29B97316FDCFA39411CA2CEA /* main.m */ = {isa = PBXFileReference; fileEncoding = 4; lastKnownFileType = sourcecode.c.objc; path = main.m; sourceTree = "<group>"; };
		32CA4F630368D1EE00C91783 /* RitopApp_Prefix.pch */ = {isa = PBXFileReference; fileEncoding = 4; lastKnownFileType = sourcecode.c.h; path = RitopApp_Prefix.pch; sourceTree = "<group>"; };
		8D1107310486CEB800E47090 /* RitopApp-Info.plist */ = {isa = PBXFileReference; fileEncoding = 4; lastKnownFileType = text.plist.xml; path = "RitopApp-Info.plist"; plistStructureDefinitionIdentifier = "com.apple.xcode.plist.structure-definition.iphone.info-plist"; sourceTree = "<group>"; };
/* End PBXFileReference section */

/* Begin PBXFrameworksBuildPhase section */
		1D60588F0D05DD3D006BFB54 /* Frameworks */ = {
			isa = PBXFrameworksBuildPhase;
			buildActionMask = 2147483647;
			files = (
				1D60589F0D05DD5A006BFB54 /* Foundation.framework in Frameworks */,
				1DF5F4E00D08C38300B7A737 /* UIKit.framework in Frameworks */,
				288765A50DF7441C002DB57D /* CoreGraphics.framework in Frameworks */,
			);
			runOnlyForDeploymentPostprocessing = 0;
		};
/* End PBXFrameworksBuildPhase section */

/* Begin PBXGroup section */
		080E96DDFE201D6D7F000001 /* Classes */ = {
			isa = PBXGroup;
			children = (
				1D3623240D0F684500981E51 /* RitopAppAppDelegate.h */,
				1D3623250D0F684500981E51 /* RitopAppAppDelegate.m */,
				1E69C2FA11DDA4B0000F2A77 /* SplashScreenViewController.h */,
				1E69C2FB11DDA4B0000F2A77 /* SplashScreenViewController.m */,
				1E6C373111DF553F00096C39 /* MainDetailViewController.h */,
				1E6C373211DF553F00096C39 /* MainDetailViewController.m */,
				1E6C374011DF579700096C39 /* MainRootViewController.h */,
				1E6C374111DF579700096C39 /* MainRootViewController.m */,
				1E5F451711DF8461000B750B /* MainSplitViewController.h */,
				1E5F451811DF8461000B750B /* MainSplitViewController.m */,
				1E5F458311DF8D8B000B750B /* SettingsModalViewController.h */,
				1E5F458411DF8D8B000B750B /* SettingsModalViewController.m */,
				1E8CBBF011E11DCC000F62BC /* DatapointViewController.h */,
				1E8CBBF111E11DCC000F62BC /* DatapointViewController.m */,
				1E8B194411E51C520096101A /* InstallationDetailViewController.h */,
				1E8B194511E51C520096101A /* InstallationDetailViewController.m */,
			);
			path = Classes;
			sourceTree = "<group>";
		};
		19C28FACFE9D520D11CA2CBB /* Products */ = {
			isa = PBXGroup;
			children = (
				1D6058910D05DD3D006BFB54 /* RitopApp.app */,
			);
			name = Products;
			sourceTree = "<group>";
		};
		29B97314FDCFA39411CA2CEA /* CustomTemplate */ = {
			isa = PBXGroup;
			children = (
				080E96DDFE201D6D7F000001 /* Classes */,
				29B97315FDCFA39411CA2CEA /* Other Sources */,
				29B97317FDCFA39411CA2CEA /* Resources */,
				29B97323FDCFA39411CA2CEA /* Frameworks */,
				19C28FACFE9D520D11CA2CBB /* Products */,
				1E8CBE5E11E26AF0000F62BC /* untitled.h */,
				1E8CBE5F11E26AF0000F62BC /* untitled.m */,
			);
			name = CustomTemplate;
			sourceTree = "<group>";
		};
		29B97315FDCFA39411CA2CEA /* Other Sources */ = {
			isa = PBXGroup;
			children = (
				32CA4F630368D1EE00C91783 /* RitopApp_Prefix.pch */,
				29B97316FDCFA39411CA2CEA /* main.m */,
			);
			name = "Other Sources";
			sourceTree = "<group>";
		};
		29B97317FDCFA39411CA2CEA /* Resources */ = {
			isa = PBXGroup;
			children = (
				1E8B199A11E522BC0096101A /* settingsIcon.png */,
				1E8B196F11E51F170096101A /* greenBullet.png */,
				1E8B197011E51F170096101A /* redBullet.png */,
				1E8CBBF311E11E99000F62BC /* datapoint.png */,
				1E7A0CDC11E08C7A006C77B1 /* imageA.png */,
				1E7A0CDD11E08C7A006C77B1 /* imageB.png */,
				1E7A0CDE11E08C7A006C77B1 /* imageC.png */,
				1E7A0CDF11E08C7A006C77B1 /* indicator.png */,
				1E7A0CE011E08C7A006C77B1 /* pattern01.gif */,
				1E7A0CE111E08C7A006C77B1 /* pattern02.png */,
				1E7A0CE211E08C7A006C77B1 /* selectedRow.png */,
				1E7A0CE311E08C7A006C77B1 /* unselectedRow.png */,
				1E7A0CC011E08A5F006C77B1 /* Entitlements.plist */,
				8D1107310486CEB800E47090 /* RitopApp-Info.plist */,
			);
			name = Resources;
			sourceTree = "<group>";
		};
		29B97323FDCFA39411CA2CEA /* Frameworks */ = {
			isa = PBXGroup;
			children = (
				1DF5F4DF0D08C38300B7A737 /* UIKit.framework */,
				1D30AB110D05D00D00671497 /* Foundation.framework */,
				288765A40DF7441C002DB57D /* CoreGraphics.framework */,
			);
			name = Frameworks;
			sourceTree = "<group>";
		};
/* End PBXGroup section */

/* Begin PBXNativeTarget section */
		1D6058900D05DD3D006BFB54 /* RitopApp */ = {
			isa = PBXNativeTarget;
			buildConfigurationList = 1D6058960D05DD3E006BFB54 /* Build configuration list for PBXNativeTarget "RitopApp" */;
			buildPhases = (
				1D60588D0D05DD3D006BFB54 /* Resources */,
				1D60588E0D05DD3D006BFB54 /* Sources */,
				1D60588F0D05DD3D006BFB54 /* Frameworks */,
			);
			buildRules = (
			);
			dependencies = (
			);
			name = RitopApp;
			productName = RitopApp;
			productReference = 1D6058910D05DD3D006BFB54 /* RitopApp.app */;
			productType = "com.apple.product-type.application";
		};
/* End PBXNativeTarget section */

/* Begin PBXProject section */
		29B97313FDCFA39411CA2CEA /* Project object */ = {
			isa = PBXProject;
			buildConfigurationList = C01FCF4E08A954540054247B /* Build configuration list for PBXProject "RitopApp" */;
			compatibilityVersion = "Xcode 3.1";
			hasScannedForEncodings = 1;
			mainGroup = 29B97314FDCFA39411CA2CEA /* CustomTemplate */;
			projectDirPath = "";
			projectRoot = "";
			targets = (
				1D6058900D05DD3D006BFB54 /* RitopApp */,
			);
		};
/* End PBXProject section */

/* Begin PBXResourcesBuildPhase section */
		1D60588D0D05DD3D006BFB54 /* Resources */ = {
			isa = PBXResourcesBuildPhase;
			buildActionMask = 2147483647;
			files = (
				1E7A0CE411E08C7A006C77B1 /* imageA.png in Resources */,
				1E7A0CE511E08C7A006C77B1 /* imageB.png in Resources */,
				1E7A0CE611E08C7A006C77B1 /* imageC.png in Resources */,
				1E7A0CE711E08C7A006C77B1 /* indicator.png in Resources */,
				1E7A0CE811E08C7A006C77B1 /* pattern01.gif in Resources */,
				1E7A0CE911E08C7A006C77B1 /* pattern02.png in Resources */,
				1E7A0CEA11E08C7A006C77B1 /* selectedRow.png in Resources */,
				1E7A0CEB11E08C7A006C77B1 /* unselectedRow.png in Resources */,
				1E8CBBF411E11E99000F62BC /* datapoint.png in Resources */,
				1E8B197111E51F170096101A /* greenBullet.png in Resources */,
				1E8B197211E51F170096101A /* redBullet.png in Resources */,
				1E8B199B11E522BC0096101A /* settingsIcon.png in Resources */,
			);
			runOnlyForDeploymentPostprocessing = 0;
		};
/* End PBXResourcesBuildPhase section */

/* Begin PBXSourcesBuildPhase section */
		1D60588E0D05DD3D006BFB54 /* Sources */ = {
			isa = PBXSourcesBuildPhase;
			buildActionMask = 2147483647;
			files = (
				1D60589B0D05DD56006BFB54 /* main.m in Sources */,
				1D3623260D0F684500981E51 /* RitopAppAppDelegate.m in Sources */,
				1E69C2FC11DDA4B0000F2A77 /* SplashScreenViewController.m in Sources */,
				1E6C373311DF553F00096C39 /* MainDetailViewController.m in Sources */,
				1E6C374211DF579700096C39 /* MainRootViewController.m in Sources */,
				1E5F451911DF8461000B750B /* MainSplitViewController.m in Sources */,
				1E5F458511DF8D8B000B750B /* SettingsModalViewController.m in Sources */,
				1E8CBBF211E11DCC000F62BC /* DatapointViewController.m in Sources */,
				1E8CBE6011E26AF0000F62BC /* untitled.m in Sources */,
				1E8B194611E51C520096101A /* InstallationDetailViewController.m in Sources */,
			);
			runOnlyForDeploymentPostprocessing = 0;
		};
/* End PBXSourcesBuildPhase section */

/* Begin XCBuildConfiguration section */
		1D6058940D05DD3E006BFB54 /* Debug */ = {
			isa = XCBuildConfiguration;
			buildSettings = {
				ALWAYS_SEARCH_USER_PATHS = NO;
				CODE_SIGN_ENTITLEMENTS = "~/RitopApp/Entitlements.plist";
				COPY_PHASE_STRIP = NO;
				GCC_DYNAMIC_NO_PIC = NO;
				GCC_OPTIMIZATION_LEVEL = 0;
				GCC_PRECOMPILE_PREFIX_HEADER = YES;
				GCC_PREFIX_HEADER = RitopApp_Prefix.pch;
				INFOPLIST_FILE = "RitopApp-Info.plist";
				PRODUCT_NAME = RitopApp;
			};
			name = Debug;
		};
		1D6058950D05DD3E006BFB54 /* Release */ = {
			isa = XCBuildConfiguration;
			buildSettings = {
				ALWAYS_SEARCH_USER_PATHS = NO;
				CODE_SIGN_ENTITLEMENTS = "~/RitopApp/Entitlements.plist";
				COPY_PHASE_STRIP = YES;
				GCC_PRECOMPILE_PREFIX_HEADER = YES;
				GCC_PREFIX_HEADER = RitopApp_Prefix.pch;
				INFOPLIST_FILE = "RitopApp-Info.plist";
				PRODUCT_NAME = RitopApp;
				VALIDATE_PRODUCT = YES;
			};
			name = Release;
		};
		C01FCF4F08A954540054247B /* Debug */ = {
			isa = XCBuildConfiguration;
			buildSettings = {
				ARCHS = "$(ARCHS_UNIVERSAL_IPHONE_OS)";
				CODE_SIGN_ENTITLEMENTS = Entitlements.plist;
				"CODE_SIGN_IDENTITY[sdk=iphoneos*]" = "iPhone Developer";
				GCC_C_LANGUAGE_STANDARD = c99;
				GCC_WARN_ABOUT_RETURN_TYPE = YES;
				GCC_WARN_UNUSED_VARIABLE = YES;
				PREBINDING = NO;
				SDKROOT = iphoneos3.2;
				TARGETED_DEVICE_FAMILY = 2;
			};
			name = Debug;
		};
		C01FCF5008A954540054247B /* Release */ = {
			isa = XCBuildConfiguration;
			buildSettings = {
				ARCHS = "$(ARCHS_UNIVERSAL_IPHONE_OS)";
				"CODE_SIGN_IDENTITY[sdk=iphoneos*]" = "iPhone Developer";
				GCC_C_LANGUAGE_STANDARD = c99;
				GCC_WARN_ABOUT_RETURN_TYPE = YES;
				GCC_WARN_UNUSED_VARIABLE = YES;
				OTHER_CFLAGS = "-DNS_BLOCK_ASSERTIONS=1";
				PREBINDING = NO;
				SDKROOT = iphoneos3.2;
				TARGETED_DEVICE_FAMILY = 2;
			};
			name = Release;
		};
/* End XCBuildConfiguration section */

/* Begin XCConfigurationList section */
		1D6058960D05DD3E006BFB54 /* Build configuration list for PBXNativeTarget "RitopApp" */ = {
			isa = XCConfigurationList;
			buildConfigurations = (
				1D6058940D05DD3E006BFB54 /* Debug */,
				1D6058950D05DD3E006BFB54 /* Release */,
			);
			defaultConfigurationIsVisible = 0;
			defaultConfigurationName = Release;
		};
		C01FCF4E08A954540054247B /* Build configuration list for PBXProject "RitopApp" */ = {
			isa = XCConfigurationList;
			buildConfigurations = (
				C01FCF4F08A954540054247B /* Debug */,
				C01FCF5008A954540054247B /* Release */,
			);
			defaultConfigurationIsVisible = 0;
			defaultConfigurationName = Release;
		};
/* End XCConfigurationList section */
	};
	rootObject = 29B97313FDCFA39411CA2CEA /* Project object */;
}
